
Microsoft Visual Studio Solution File, Format Version 12.00
# Visual Studio 14
VisualStudioVersion = 14.0.23107.0
MinimumVisualStudioVersion = 10.0.40219.1
Project("{FAE04EC0-301F-11D3-BF4B-00C04F79EFBC}") = "DataStructure", "DataStructure\DataStructure.csproj", "{CD37B855-C1E9-4F47-AEA0-71B46F15943F}"
EndProject
Project("{FAE04EC0-301F-11D3-BF4B-00C04F79EFBC}") = "DataStructureTests", "DataStructureTests\DataStructureTests.csproj", "{8BCA58EA-B6A4-4972-94B4-6BDF52E43498}"
EndProject
Global
	GlobalSection(SolutionConfigurationPlatforms) = preSolution
		Debug|Any CPU = Debug|Any CPU
		Release|Any CPU = Release|Any CPU
	EndGlobalSection
	GlobalSection(ProjectConfigurationPlatforms) = postSolution
		{CD37B855-C1E9-4F47-AEA0-71B46F15943F}.Debug|Any CPU.ActiveCfg = Debug|Any CPU
		{CD37B855-C1E9-4F47-AEA0-71B46F15943F}.Debug|Any CPU.Build.0 = Debug|Any CPU
		{CD37B855-C1E9-4F47-AEA0-71B46F15943F}.Release|Any CPU.ActiveCfg = Release|Any CPU
		{CD37B855-C1E9-4F47-AEA0-71B46F15943F}.Release|Any CPU.Build.0 = Release|Any CPU
		{8BCA58EA-B6A4-4972-94B4-6BDF52E43498}.Debug|Any CPU.ActiveCfg = Debug|Any CPU
		{8BCA58EA-B6A4-4972-94B4-6BDF52E43498}.Debug|Any CPU.Build.0 = Debug|Any CPU
		{8BCA58EA-B6A4-4972-94B4-6BDF52E43498}.Release|Any CPU.ActiveCfg = Release|Any CPU
		{8BCA58EA-B6A4-4972-94B4-6BDF52E43498}.Release|Any CPU.Build.0 = Release|Any CPU
	EndGlobalSection
	GlobalSection(SolutionProperties) = preSolution
		HideSolutionNode = FALSE
	EndGlobalSection
EndGlobal
